// !$*UTF8*$!
{
	archiveVersion = 1;
	classes = {
	};
	objectVersion = 50;
	objects = {

/* Begin PBXBuildFile section */
		5426B2FC21FF5A0C001C0758 /* AppDelegate.swift in Sources */ = {isa = PBXBuildFile; fileRef = 5426B2FB21FF5A0C001C0758 /* AppDelegate.swift */; };
		5426B2FE21FF5A0C001C0758 /* TodoListVC.swift in Sources */ = {isa = PBXBuildFile; fileRef = 5426B2FD21FF5A0C001C0758 /* TodoListVC.swift */; };
		5426B30121FF5A0C001C0758 /* Main.storyboard in Resources */ = {isa = PBXBuildFile; fileRef = 5426B2FF21FF5A0C001C0758 /* Main.storyboard */; };
		5426B30321FF5A0C001C0758 /* Assets.xcassets in Resources */ = {isa = PBXBuildFile; fileRef = 5426B30221FF5A0C001C0758 /* Assets.xcassets */; };
		5426B30621FF5A0C001C0758 /* LaunchScreen.storyboard in Resources */ = {isa = PBXBuildFile; fileRef = 5426B30421FF5A0C001C0758 /* LaunchScreen.storyboard */; };
		54C39E7B21FF964400C77483 /* Item.swift in Sources */ = {isa = PBXBuildFile; fileRef = 54C39E7A21FF964400C77483 /* Item.swift */; };
		54C39E7F21FFA61A00C77483 /* DataHandler.swift in Sources */ = {isa = PBXBuildFile; fileRef = 54C39E7E21FFA61A00C77483 /* DataHandler.swift */; };
/* End PBXBuildFile section */

/* Begin PBXFileReference section */
		5426B2F821FF5A0C001C0758 /* ToDoey.app */ = {isa = PBXFileReference; explicitFileType = wrapper.application; includeInIndex = 0; path = ToDoey.app; sourceTree = BUILT_PRODUCTS_DIR; };
		5426B2FB21FF5A0C001C0758 /* AppDelegate.swift */ = {isa = PBXFileReference; lastKnownFileType = sourcecode.swift; path = AppDelegate.swift; sourceTree = "<group>"; };
		5426B2FD21FF5A0C001C0758 /* TodoListVC.swift */ = {isa = PBXFileReference; lastKnownFileType = sourcecode.swift; path = TodoListVC.swift; sourceTree = "<group>"; };
		5426B30021FF5A0C001C0758 /* Base */ = {isa = PBXFileReference; lastKnownFileType = file.storyboard; name = Base; path = Base.lproj/Main.storyboard; sourceTree = "<group>"; };
		5426B30221FF5A0C001C0758 /* Assets.xcassets */ = {isa = PBXFileReference; lastKnownFileType = folder.assetcatalog; path = Assets.xcassets; sourceTree = "<group>"; };
		5426B30521FF5A0C001C0758 /* Base */ = {isa = PBXFileReference; lastKnownFileType = file.storyboard; name = Base; path = Base.lproj/LaunchScreen.storyboard; sourceTree = "<group>"; };
		5426B30721FF5A0C001C0758 /* Info.plist */ = {isa = PBXFileReference; lastKnownFileType = text.plist.xml; path = Info.plist; sourceTree = "<group>"; };
		54C39E7A21FF964400C77483 /* Item.swift */ = {isa = PBXFileReference; lastKnownFileType = sourcecode.swift; path = Item.swift; sourceTree = "<group>"; };
		54C39E7E21FFA61A00C77483 /* DataHandler.swift */ = {isa = PBXFileReference; lastKnownFileType = sourcecode.swift; path = DataHandler.swift; sourceTree = "<group>"; };
/* End PBXFileReference section */

/* Begin PBXFrameworksBuildPhase section */
		5426B2F521FF5A0B001C0758 /* Frameworks */ = {
			isa = PBXFrameworksBuildPhase;
			buildActionMask = 2147483647;
			files = (
			);
			runOnlyForDeploymentPostprocessing = 0;
		};
/* End PBXFrameworksBuildPhase section */

/* Begin PBXGroup section */
		5426B2EF21FF5A0B001C0758 = {
			isa = PBXGroup;
			children = (
				5426B2FA21FF5A0C001C0758 /* ToDoey */,
				5426B2F921FF5A0C001C0758 /* Products */,
			);
			sourceTree = "<group>";
		};
		5426B2F921FF5A0C001C0758 /* Products */ = {
			isa = PBXGroup;
			children = (
				5426B2F821FF5A0C001C0758 /* ToDoey.app */,
			);
			name = Products;
			sourceTree = "<group>";
		};
		5426B2FA21FF5A0C001C0758 /* ToDoey */ = {
			isa = PBXGroup;
			children = (
				5426B2FB21FF5A0C001C0758 /* AppDelegate.swift */,
				54C39E7821FF961900C77483 /* Controllers */,
				54C39E7921FF962F00C77483 /* Views */,
				54C39E7D21FF965E00C77483 /* Supporting Files */,
				5426B30721FF5A0C001C0758 /* Info.plist */,
				54C39E7C21FF964B00C77483 /* Data Model */,
			);
			path = ToDoey;
			sourceTree = "<group>";
		};
		54C39E7821FF961900C77483 /* Controllers */ = {
			isa = PBXGroup;
			children = (
				5426B2FD21FF5A0C001C0758 /* TodoListVC.swift */,
			);
			path = Controllers;
			sourceTree = "<group>";
		};
		54C39E7921FF962F00C77483 /* Views */ = {
			isa = PBXGroup;
			children = (
				5426B2FF21FF5A0C001C0758 /* Main.storyboard */,
			);
			path = Views;
			sourceTree = "<group>";
		};
		54C39E7C21FF964B00C77483 /* Data Model */ = {
			isa = PBXGroup;
			children = (
				54C39E7A21FF964400C77483 /* Item.swift */,
				54C39E7E21FFA61A00C77483 /* DataHandler.swift */,
			);
			path = "Data Model";
			sourceTree = "<group>";
		};
		54C39E7D21FF965E00C77483 /* Supporting Files */ = {
			isa = PBXGroup;
			children = (
				5426B30221FF5A0C001C0758 /* Assets.xcassets */,
				5426B30421FF5A0C001C0758 /* LaunchScreen.storyboard */,
			);
			path = "Supporting Files";
			sourceTree = "<group>";
		};
/* End PBXGroup section */

/* Begin PBXNativeTarget section */
		5426B2F721FF5A0B001C0758 /* ToDoey */ = {
			isa = PBXNativeTarget;
			buildConfigurationList = 5426B30A21FF5A0C001C0758 /* Build configuration list for PBXNativeTarget "ToDoey" */;
			buildPhases = (
				5426B2F421FF5A0B001C0758 /* Sources */,
				5426B2F521FF5A0B001C0758 /* Frameworks */,
				5426B2F621FF5A0B001C0758 /* Resources */,
			);
			buildRules = (
			);
			dependencies = (
			);
			name = ToDoey;
			productName = ToDoey;
			productReference = 5426B2F821FF5A0C001C0758 /* ToDoey.app */;
			productType = "com.apple.product-type.application";
		};
/* End PBXNativeTarget section */

/* Begin PBXProject section */
		5426B2F021FF5A0B001C0758 /* Project object */ = {
			isa = PBXProject;
			attributes = {
				LastSwiftUpdateCheck = 1010;
				LastUpgradeCheck = 1010;
				ORGANIZATIONNAME = "Yasmine Ghazy";
				TargetAttributes = {
					5426B2F721FF5A0B001C0758 = {
						CreatedOnToolsVersion = 10.1;
					};
				};
			};
			buildConfigurationList = 5426B2F321FF5A0B001C0758 /* Build configuration list for PBXProject "ToDoey" */;
			compatibilityVersion = "Xcode 9.3";
			developmentRegion = en;
			hasScannedForEncodings = 0;
			knownRegions = (
				en,
				Base,
			);
			mainGroup = 5426B2EF21FF5A0B001C0758;
			productRefGroup = 5426B2F921FF5A0C001C0758 /* Products */;
			projectDirPath = "";
			projectRoot = "";
			targets = (
				5426B2F721FF5A0B001C0758 /* ToDoey */,
			);
		};
/* End PBXProject section */

/* Begin PBXResourcesBuildPhase section */
		5426B2F621FF5A0B001C0758 /* Resources */ = {
			isa = PBXResourcesBuildPhase;
			buildActionMask = 2147483647;
			files = (
				5426B30621FF5A0C001C0758 /* LaunchScreen.storyboard in Resources */,
				5426B30321FF5A0C001C0758 /* Assets.xcassets in Resources */,
				5426B30121FF5A0C001C0758 /* Main.storyboard in Resources */,
			);
			runOnlyForDeploymentPostprocessing = 0;
		};
/* End PBXResourcesBuildPhase section */

/* Begin PBXSourcesBuildPhase section */
		5426B2F421FF5A0B001C0758 /* Sources */ = {
			isa = PBXSourcesBuildPhase;
			buildActionMask = 2147483647;
			files = (
				54C39E7F21FFA61A00C77483 /* DataHandler.swift in Sources */,
				5426B2FE21FF5A0C001C0758 /* TodoListVC.swift in Sources */,
				54C39E7B21FF964400C77483 /* Item.swift in Sources */,
				5426B2FC21FF5A0C001C0758 /* AppDelegate.swift in Sources */,
			);
			runOnlyForDeploymentPostprocessing = 0;
		};
/* End PBXSourcesBuildPhase section */

/* Begin PBXVariantGroup section */
		5426B2FF21FF5A0C001C0758 /* Main.storyboard */ = {
			isa = PBXVariantGroup;
			children = (
				5426B30021FF5A0C001C0758 /* Base */,
			);
			name = Main.storyboard;
			sourceTree = "<group>";
		};
		5426B30421FF5A0C001C0758 /* LaunchScreen.storyboard */ = {
			isa = PBXVariantGroup;
			children = (
				5426B30521FF5A0C001C0758 /* Base */,
			);
			name = LaunchScreen.storyboard;
			sourceTree = "<group>";
		};
/* End PBXVariantGroup section */

/* Begin XCBuildConfiguration section */
		5426B30821FF5A0C001C0758 /* Debug */ = {
			isa = XCBuildConfiguration;
			buildSettings = {
				ALWAYS_SEARCH_USER_PATHS = NO;
				CLANG_ANALYZER_NONNULL = YES;
				CLANG_ANALYZER_NUMBER_OBJECT_CONVERSION = YES_AGGRESSIVE;
				CLANG_CXX_LANGUAGE_STANDARD = "gnu++14";
				CLANG_CXX_LIBRARY = "libc++";
				CLANG_ENABLE_MODULES = YES;
				CLANG_ENABLE_OBJC_ARC = YES;
				CLANG_ENABLE_OBJC_WEAK = YES;
				CLANG_WARN_BLOCK_CAPTURE_AUTORELEASING = YES;
				CLANG_WARN_BOOL_CONVERSION = YES;
				CLANG_WARN_COMMA = YES;
				CLANG_WARN_CONSTANT_CONVERSION = YES;
				CLANG_WARN_DEPRECATED_OBJC_IMPLEMENTATIONS = YES;
				CLANG_WARN_DIRECT_OBJC_ISA_USAGE = YES_ERROR;
				CLANG_WARN_DOCUMENTATION_COMMENTS = YES;
				CLANG_WARN_EMPTY_BODY = YES;
				CLANG_WARN_ENUM_CONVERSION = YES;
				CLANG_WARN_INFINITE_RECURSION = YES;
				CLANG_WARN_INT_CONVERSION = YES;
				CLANG_WARN_NON_LITERAL_NULL_CONVERSION = YES;
				CLANG_WARN_OBJC_IMPLICIT_RETAIN_SELF = YES;
				CLANG_WARN_OBJC_LITERAL_CONVERSION = YES;
				CLANG_WARN_OBJC_ROOT_CLASS = YES_ERROR;
				CLANG_WARN_RANGE_LOOP_ANALYSIS = YES;
				CLANG_WARN_STRICT_PROTOTYPES = YES;
				CLANG_WARN_SUSPICIOUS_MOVE = YES;
				CLANG_WARN_UNGUARDED_AVAILABILITY = YES_AGGRESSIVE;
				CLANG_WARN_UNREACHABLE_CODE = YES;
				CLANG_WARN__DUPLICATE_METHOD_MATCH = YES;
				CODE_SIGN_IDENTITY = "iPhone Developer";
				COPY_PHASE_STRIP = NO;
				DEBUG_INFORMATION_FORMAT = dwarf;
				ENABLE_STRICT_OBJC_MSGSEND = YES;
				ENABLE_TESTABILITY = YES;
				GCC_C_LANGUAGE_STANDARD = gnu11;
				GCC_DYNAMIC_NO_PIC = NO;
				GCC_NO_COMMON_BLOCKS = YES;
				GCC_OPTIMIZATION_LEVEL = 0;
				GCC_PREPROCESSOR_DEFINITIONS = (
					"DEBUG=1",
					"$(inherited)",
				);
				GCC_WARN_64_TO_32_BIT_CONVERSION = YES;
				GCC_WARN_ABOUT_RETURN_TYPE = YES_ERROR;
				GCC_WARN_UNDECLARED_SELECTOR = YES;
				GCC_WARN_UNINITIALIZED_AUTOS = YES_AGGRESSIVE;
				GCC_WARN_UNUSED_FUNCTION = YES;
				GCC_WARN_UNUSED_VARIABLE = YES;
				IPHONEOS_DEPLOYMENT_TARGET = 12.1;
				MTL_ENABLE_DEBUG_INFO = INCLUDE_SOURCE;
				MTL_FAST_MATH = YES;
				ONLY_ACTIVE_ARCH = YES;
				SDKROOT = iphoneos;
				SWIFT_ACTIVE_COMPILATION_CONDITIONS = DEBUG;
				SWIFT_OPTIMIZATION_LEVEL = "-Onone";
			};
			name = Debug;
		};
		5426B30921FF5A0C001C0758 /* Release */ = {
			isa = XCBuildConfiguration;
			buildSettings = {
				ALWAYS_SEARCH_USER_PATHS = NO;
				CLANG_ANALYZER_NONNULL = YES;
				CLANG_ANALYZER_NUMBER_OBJECT_CONVERSION = YES_AGGRESSIVE;
				CLANG_CXX_LANGUAGE_STANDARD = "gnu++14";
				CLANG_CXX_LIBRARY = "libc++";
				CLANG_ENABLE_MODULES = YES;
				CLANG_ENABLE_OBJC_ARC = YES;
				CLANG_ENABLE_OBJC_WEAK = YES;
				CLANG_WARN_BLOCK_CAPTURE_AUTORELEASING = YES;
				CLANG_WARN_BOOL_CONVERSION = YES;
				CLANG_WARN_COMMA = YES;
				CLANG_WARN_CONSTANT_CONVERSION = YES;
				CLANG_WARN_DEPRECATED_OBJC_IMPLEMENTATIONS = YES;
				CLANG_WARN_DIRECT_OBJC_ISA_USAGE = YES_ERROR;
				CLANG_WARN_DOCUMENTATION_COMMENTS = YES;
				CLANG_WARN_EMPTY_BODY = YES;
				CLANG_WARN_ENUM_CONVERSION = YES;
				CLANG_WARN_INFINITE_RECURSION = YES;
				CLANG_WARN_INT_CONVERSION = YES;
				CLANG_WARN_NON_LITERAL_NULL_CONVERSION = YES;
				CLANG_WARN_OBJC_IMPLICIT_RETAIN_SELF = YES;
				CLANG_WARN_OBJC_LITERAL_CONVERSION = YES;
				CLANG_WARN_OBJC_ROOT_CLASS = YES_ERROR;
				CLANG_WARN_RANGE_LOOP_ANALYSIS = YES;
				CLANG_WARN_STRICT_PROTOTYPES = YES;
				CLANG_WARN_SUSPICIOUS_MOVE = YES;
				CLANG_WARN_UNGUARDED_AVAILABILITY = YES_AGGRESSIVE;
				CLANG_WARN_UNREACHABLE_CODE = YES;
				CLANG_WARN__DUPLICATE_METHOD_MATCH = YES;
				CODE_SIGN_IDENTITY = "iPhone Developer";
				COPY_PHASE_STRIP = NO;
				DEBUG_INFORMATION_FORMAT = "dwarf-with-dsym";
				ENABLE_NS_ASSERTIONS = NO;
				ENABLE_STRICT_OBJC_MSGSEND = YES;
				GCC_C_LANGUAGE_STANDARD = gnu11;
				GCC_NO_COMMON_BLOCKS = YES;
				GCC_WARN_64_TO_32_BIT_CONVERSION = YES;
				GCC_WARN_ABOUT_RETURN_TYPE = YES_ERROR;
				GCC_WARN_UNDECLARED_SELECTOR = YES;
				GCC_WARN_UNINITIALIZED_AUTOS = YES_AGGRESSIVE;
				GCC_WARN_UNUSED_FUNCTION = YES;
				GCC_WARN_UNUSED_VARIABLE = YES;
				IPHONEOS_DEPLOYMENT_TARGET = 12.1;
				MTL_ENABLE_DEBUG_INFO = NO;
				MTL_FAST_MATH = YES;
				SDKROOT = iphoneos;
				SWIFT_COMPILATION_MODE = wholemodule;
				SWIFT_OPTIMIZATION_LEVEL = "-O";
				VALIDATE_PRODUCT = YES;
			};
			name = Release;
		};
		5426B30B21FF5A0C001C0758 /* Debug */ = {
			isa = XCBuildConfiguration;
			buildSettings = {
				ASSETCATALOG_COMPILER_APPICON_NAME = AppIcon;
				CODE_SIGN_STYLE = Automatic;
				DEVELOPMENT_TEAM = 523Q5Q4N3U;
				INFOPLIST_FILE = ToDoey/Info.plist;
				LD_RUNPATH_SEARCH_PATHS = (
					"$(inherited)",
					"@executable_path/Frameworks",
				);
				PRODUCT_BUNDLE_IDENTIFIER = Yasmine.ToDoey;
				PRODUCT_NAME = "$(TARGET_NAME)";
				SWIFT_VERSION = 4.2;
				TARGETED_DEVICE_FAMILY = "1,2";
			};
			name = Debug;
		};
		5426B30C21FF5A0C001C0758 /* Release */ = {
			isa = XCBuildConfiguration;
			buildSettings = {
				ASSETCATALOG_COMPILER_APPICON_NAME = AppIcon;
				CODE_SIGN_STYLE = Automatic;
				DEVELOPMENT_TEAM = 523Q5Q4N3U;
				INFOPLIST_FILE = ToDoey/Info.plist;
				LD_RUNPATH_SEARCH_PATHS = (
					"$(inherited)",
					"@executable_path/Frameworks",
				);
				PRODUCT_BUNDLE_IDENTIFIER = Yasmine.ToDoey;
				PRODUCT_NAME = "$(TARGET_NAME)";
				SWIFT_VERSION = 4.2;
				TARGETED_DEVICE_FAMILY = "1,2";
			};
			name = Release;
		};
/* End XCBuildConfiguration section */

/* Begin XCConfigurationList section */
		5426B2F321FF5A0B001C0758 /* Build configuration list for PBXProject "ToDoey" */ = {
			isa = XCConfigurationList;
			buildConfigurations = (
				5426B30821FF5A0C001C0758 /* Debug */,
				5426B30921FF5A0C001C0758 /* Release */,
			);
			defaultConfigurationIsVisible = 0;
			defaultConfigurationName = Release;
		};
		5426B30A21FF5A0C001C0758 /* Build configuration list for PBXNativeTarget "ToDoey" */ = {
			isa = XCConfigurationList;
			buildConfigurations = (
				5426B30B21FF5A0C001C0758 /* Debug */,
				5426B30C21FF5A0C001C0758 /* Release */,
			);
			defaultConfigurationIsVisible = 0;
			defaultConfigurationName = Release;
		};
/* End XCConfigurationList section */
	};
	rootObject = 5426B2F021FF5A0B001C0758 /* Project object */;
}
